# generated by rye
# use `rye lock` or `rye sync` to update this lockfile
#
# last locked with the following flags:
#   pre: false
#   features: []
#   all-features: false

-e file:.
contourpy==1.0.7
cycler==0.11.0
fonttools==4.39.4
kiwisolver==1.4.4
matplotlib==3.7.1
numpy==1.24.3
packaging==23.1
pandas==2.0.2
patsy==0.5.3
pillow==9.5.0
pydantic==1.10.8
pyparsing==3.0.9
python-dateutil==2.8.2
pytz==2023.3
scipy==1.10.1
seaborn==0.11.2
six==1.16.0
statannotations==0.5.0
statsmodels==0.14.0
typing-extensions==4.6.2
tzdata==2023.3
